// !$*UTF8*$!
{
	archiveVersion = 1;
	classes = {
	};
	objectVersion = 48;
	objects = {

/* Begin PBXBuildFile section */
		623C8C122084C82B009D900A /* AppDelegate.swift in Sources */ = {isa = PBXBuildFile; fileRef = 623C8C112084C82B009D900A /* AppDelegate.swift */; };
		623C8C142084C82B009D900A /* ViewController.swift in Sources */ = {isa = PBXBuildFile; fileRef = 623C8C132084C82B009D900A /* ViewController.swift */; };
		623C8C172084C82B009D900A /* Main.storyboard in Resources */ = {isa = PBXBuildFile; fileRef = 623C8C152084C82B009D900A /* Main.storyboard */; };
		623C8C192084C82B009D900A /* Assets.xcassets in Resources */ = {isa = PBXBuildFile; fileRef = 623C8C182084C82B009D900A /* Assets.xcassets */; };
		623C8C1C2084C82B009D900A /* LaunchScreen.storyboard in Resources */ = {isa = PBXBuildFile; fileRef = 623C8C1A2084C82B009D900A /* LaunchScreen.storyboard */; };
		623C8C252084CECF009D900A /* ahirudayo.jpg in Resources */ = {isa = PBXBuildFile; fileRef = 623C8C242084CECE009D900A /* ahirudayo.jpg */; };
/* End PBXBuildFile section */

/* Begin PBXFileReference section */
		623C8C0E2084C82B009D900A /* PhotoMater.app */ = {isa = PBXFileReference; explicitFileType = wrapper.application; includeInIndex = 0; path = PhotoMater.app; sourceTree = BUILT_PRODUCTS_DIR; };
		623C8C112084C82B009D900A /* AppDelegate.swift */ = {isa = PBXFileReference; lastKnownFileType = sourcecode.swift; path = AppDelegate.swift; sourceTree = "<group>"; };
		623C8C132084C82B009D900A /* ViewController.swift */ = {isa = PBXFileReference; lastKnownFileType = sourcecode.swift; path = ViewController.swift; sourceTree = "<group>"; };
		623C8C162084C82B009D900A /* Base */ = {isa = PBXFileReference; lastKnownFileType = file.storyboard; name = Base; path = Base.lproj/Main.storyboard; sourceTree = "<group>"; };
		623C8C182084C82B009D900A /* Assets.xcassets */ = {isa = PBXFileReference; lastKnownFileType = folder.assetcatalog; path = Assets.xcassets; sourceTree = "<group>"; };
		623C8C1B2084C82B009D900A /* Base */ = {isa = PBXFileReference; lastKnownFileType = file.storyboard; name = Base; path = Base.lproj/LaunchScreen.storyboard; sourceTree = "<group>"; };
		623C8C1D2084C82B009D900A /* Info.plist */ = {isa = PBXFileReference; lastKnownFileType = text.plist.xml; path = Info.plist; sourceTree = "<group>"; };
		623C8C242084CECE009D900A /* ahirudayo.jpg */ = {isa = PBXFileReference; lastKnownFileType = image.jpeg; path = ahirudayo.jpg; sourceTree = "<group>"; };
/* End PBXFileReference section */

/* Begin PBXFrameworksBuildPhase section */
		623C8C0B2084C82B009D900A /* Frameworks */ = {
			isa = PBXFrameworksBuildPhase;
			buildActionMask = 2147483647;
			files = (
			);
			runOnlyForDeploymentPostprocessing = 0;
		};
/* End PBXFrameworksBuildPhase section */

/* Begin PBXGroup section */
		623C8C052084C82A009D900A = {
			isa = PBXGroup;
			children = (
				623C8C102084C82B009D900A /* PhotoMater */,
				623C8C0F2084C82B009D900A /* Products */,
			);
			sourceTree = "<group>";
		};
		623C8C0F2084C82B009D900A /* Products */ = {
			isa = PBXGroup;
			children = (
				623C8C0E2084C82B009D900A /* PhotoMater.app */,
			);
			name = Products;
			sourceTree = "<group>";
		};
		623C8C102084C82B009D900A /* PhotoMater */ = {
			isa = PBXGroup;
			children = (
				623C8C112084C82B009D900A /* AppDelegate.swift */,
				623C8C132084C82B009D900A /* ViewController.swift */,
				623C8C152084C82B009D900A /* Main.storyboard */,
				623C8C182084C82B009D900A /* Assets.xcassets */,
				623C8C242084CECE009D900A /* ahirudayo.jpg */,
				623C8C1A2084C82B009D900A /* LaunchScreen.storyboard */,
				623C8C1D2084C82B009D900A /* Info.plist */,
			);
			path = PhotoMater;
			sourceTree = "<group>";
		};
/* End PBXGroup section */

/* Begin PBXNativeTarget section */
		623C8C0D2084C82B009D900A /* PhotoMater */ = {
			isa = PBXNativeTarget;
			buildConfigurationList = 623C8C202084C82B009D900A /* Build configuration list for PBXNativeTarget "PhotoMater" */;
			buildPhases = (
				623C8C0A2084C82B009D900A /* Sources */,
				623C8C0B2084C82B009D900A /* Frameworks */,
				623C8C0C2084C82B009D900A /* Resources */,
			);
			buildRules = (
			);
			dependencies = (
			);
			name = PhotoMater;
			productName = PhotoMater;
			productReference = 623C8C0E2084C82B009D900A /* PhotoMater.app */;
			productType = "com.apple.product-type.application";
		};
/* End PBXNativeTarget section */

/* Begin PBXProject section */
		623C8C062084C82A009D900A /* Project object */ = {
			isa = PBXProject;
			attributes = {
				LastSwiftUpdateCheck = 0920;
				LastUpgradeCheck = 0920;
				ORGANIZATIONNAME = "阿部一真";
				TargetAttributes = {
					623C8C0D2084C82B009D900A = {
						CreatedOnToolsVersion = 9.2;
						ProvisioningStyle = Automatic;
					};
				};
			};
			buildConfigurationList = 623C8C092084C82A009D900A /* Build configuration list for PBXProject "PhotoMater" */;
			compatibilityVersion = "Xcode 8.0";
			developmentRegion = en;
			hasScannedForEncodings = 0;
			knownRegions = (
				en,
				Base,
			);
			mainGroup = 623C8C052084C82A009D900A;
			productRefGroup = 623C8C0F2084C82B009D900A /* Products */;
			projectDirPath = "";
			projectRoot = "";
			targets = (
				623C8C0D2084C82B009D900A /* PhotoMater */,
			);
		};
/* End PBXProject section */

/* Begin PBXResourcesBuildPhase section */
		623C8C0C2084C82B009D900A /* Resources */ = {
			isa = PBXResourcesBuildPhase;
			buildActionMask = 2147483647;
			files = (
				623C8C1C2084C82B009D900A /* LaunchScreen.storyboard in Resources */,
				623C8C192084C82B009D900A /* Assets.xcassets in Resources */,
				623C8C252084CECF009D900A /* ahirudayo.jpg in Resources */,
				623C8C172084C82B009D900A /* Main.storyboard in Resources */,
			);
			runOnlyForDeploymentPostprocessing = 0;
		};
/* End PBXResourcesBuildPhase section */

/* Begin PBXSourcesBuildPhase section */
		623C8C0A2084C82B009D900A /* Sources */ = {
			isa = PBXSourcesBuildPhase;
			buildActionMask = 2147483647;
			files = (
				623C8C142084C82B009D900A /* ViewController.swift in Sources */,
				623C8C122084C82B009D900A /* AppDelegate.swift in Sources */,
			);
			runOnlyForDeploymentPostprocessing = 0;
		};
/* End PBXSourcesBuildPhase section */

/* Begin PBXVariantGroup section */
		623C8C152084C82B009D900A /* Main.storyboard */ = {
			isa = PBXVariantGroup;
			children = (
				623C8C162084C82B009D900A /* Base */,
			);
			name = Main.storyboard;
			sourceTree = "<group>";
		};
		623C8C1A2084C82B009D900A /* LaunchScreen.storyboard */ = {
			isa = PBXVariantGroup;
			children = (
				623C8C1B2084C82B009D900A /* Base */,
			);
			name = LaunchScreen.storyboard;
			sourceTree = "<group>";
		};
/* End PBXVariantGroup section */

/* Begin XCBuildConfiguration section */
		623C8C1E2084C82B009D900A /* Debug */ = {
			isa = XCBuildConfiguration;
			buildSettings = {
				ALWAYS_SEARCH_USER_PATHS = NO;
				CLANG_ANALYZER_NONNULL = YES;
				CLANG_ANALYZER_NUMBER_OBJECT_CONVERSION = YES_AGGRESSIVE;
				CLANG_CXX_LANGUAGE_STANDARD = "gnu++14";
				CLANG_CXX_LIBRARY = "libc++";
				CLANG_ENABLE_MODULES = YES;
				CLANG_ENABLE_OBJC_ARC = YES;
				CLANG_WARN_BLOCK_CAPTURE_AUTORELEASING = YES;
				CLANG_WARN_BOOL_CONVERSION = YES;
				CLANG_WARN_COMMA = YES;
				CLANG_WARN_CONSTANT_CONVERSION = YES;
				CLANG_WARN_DIRECT_OBJC_ISA_USAGE = YES_ERROR;
				CLANG_WARN_DOCUMENTATION_COMMENTS = YES;
				CLANG_WARN_EMPTY_BODY = YES;
				CLANG_WARN_ENUM_CONVERSION = YES;
				CLANG_WARN_INFINITE_RECURSION = YES;
				CLANG_WARN_INT_CONVERSION = YES;
				CLANG_WARN_NON_LITERAL_NULL_CONVERSION = YES;
				CLANG_WARN_OBJC_LITERAL_CONVERSION = YES;
				CLANG_WARN_OBJC_ROOT_CLASS = YES_ERROR;
				CLANG_WARN_RANGE_LOOP_ANALYSIS = YES;
				CLANG_WARN_STRICT_PROTOTYPES = YES;
				CLANG_WARN_SUSPICIOUS_MOVE = YES;
				CLANG_WARN_UNGUARDED_AVAILABILITY = YES_AGGRESSIVE;
				CLANG_WARN_UNREACHABLE_CODE = YES;
				CLANG_WARN__DUPLICATE_METHOD_MATCH = YES;
				CODE_SIGN_IDENTITY = "iPhone Developer";
				COPY_PHASE_STRIP = NO;
				DEBUG_INFORMATION_FORMAT = dwarf;
				ENABLE_STRICT_OBJC_MSGSEND = YES;
				ENABLE_TESTABILITY = YES;
				GCC_C_LANGUAGE_STANDARD = gnu11;
				GCC_DYNAMIC_NO_PIC = NO;
				GCC_NO_COMMON_BLOCKS = YES;
				GCC_OPTIMIZATION_LEVEL = 0;
				GCC_PREPROCESSOR_DEFINITIONS = (
					"DEBUG=1",
					"$(inherited)",
				);
				GCC_WARN_64_TO_32_BIT_CONVERSION = YES;
				GCC_WARN_ABOUT_RETURN_TYPE = YES_ERROR;
				GCC_WARN_UNDECLARED_SELECTOR = YES;
				GCC_WARN_UNINITIALIZED_AUTOS = YES_AGGRESSIVE;
				GCC_WARN_UNUSED_FUNCTION = YES;
				GCC_WARN_UNUSED_VARIABLE = YES;
				IPHONEOS_DEPLOYMENT_TARGET = 11.2;
				MTL_ENABLE_DEBUG_INFO = YES;
				ONLY_ACTIVE_ARCH = YES;
				SDKROOT = iphoneos;
				SWIFT_ACTIVE_COMPILATION_CONDITIONS = DEBUG;
				SWIFT_OPTIMIZATION_LEVEL = "-Onone";
			};
			name = Debug;
		};
		623C8C1F2084C82B009D900A /* Release */ = {
			isa = XCBuildConfiguration;
			buildSettings = {
				ALWAYS_SEARCH_USER_PATHS = NO;
				CLANG_ANALYZER_NONNULL = YES;
				CLANG_ANALYZER_NUMBER_OBJECT_CONVERSION = YES_AGGRESSIVE;
				CLANG_CXX_LANGUAGE_STANDARD = "gnu++14";
				CLANG_CXX_LIBRARY = "libc++";
				CLANG_ENABLE_MODULES = YES;
				CLANG_ENABLE_OBJC_ARC = YES;
				CLANG_WARN_BLOCK_CAPTURE_AUTORELEASING = YES;
				CLANG_WARN_BOOL_CONVERSION = YES;
				CLANG_WARN_COMMA = YES;
				CLANG_WARN_CONSTANT_CONVERSION = YES;
				CLANG_WARN_DIRECT_OBJC_ISA_USAGE = YES_ERROR;
				CLANG_WARN_DOCUMENTATION_COMMENTS = YES;
				CLANG_WARN_EMPTY_BODY = YES;
				CLANG_WARN_ENUM_CONVERSION = YES;
				CLANG_WARN_INFINITE_RECURSION = YES;
				CLANG_WARN_INT_CONVERSION = YES;
				CLANG_WARN_NON_LITERAL_NULL_CONVERSION = YES;
				CLANG_WARN_OBJC_LITERAL_CONVERSION = YES;
				CLANG_WARN_OBJC_ROOT_CLASS = YES_ERROR;
				CLANG_WARN_RANGE_LOOP_ANALYSIS = YES;
				CLANG_WARN_STRICT_PROTOTYPES = YES;
				CLANG_WARN_SUSPICIOUS_MOVE = YES;
				CLANG_WARN_UNGUARDED_AVAILABILITY = YES_AGGRESSIVE;
				CLANG_WARN_UNREACHABLE_CODE = YES;
				CLANG_WARN__DUPLICATE_METHOD_MATCH = YES;
				CODE_SIGN_IDENTITY = "iPhone Developer";
				COPY_PHASE_STRIP = NO;
				DEBUG_INFORMATION_FORMAT = "dwarf-with-dsym";
				ENABLE_NS_ASSERTIONS = NO;
				ENABLE_STRICT_OBJC_MSGSEND = YES;
				GCC_C_LANGUAGE_STANDARD = gnu11;
				GCC_NO_COMMON_BLOCKS = YES;
				GCC_WARN_64_TO_32_BIT_CONVERSION = YES;
				GCC_WARN_ABOUT_RETURN_TYPE = YES_ERROR;
				GCC_WARN_UNDECLARED_SELECTOR = YES;
				GCC_WARN_UNINITIALIZED_AUTOS = YES_AGGRESSIVE;
				GCC_WARN_UNUSED_FUNCTION = YES;
				GCC_WARN_UNUSED_VARIABLE = YES;
				IPHONEOS_DEPLOYMENT_TARGET = 11.2;
				MTL_ENABLE_DEBUG_INFO = NO;
				SDKROOT = iphoneos;
				SWIFT_OPTIMIZATION_LEVEL = "-Owholemodule";
				VALIDATE_PRODUCT = YES;
			};
			name = Release;
		};
		623C8C212084C82B009D900A /* Debug */ = {
			isa = XCBuildConfiguration;
			buildSettings = {
				ASSETCATALOG_COMPILER_APPICON_NAME = AppIcon;
				CODE_SIGN_STYLE = Automatic;
				INFOPLIST_FILE = PhotoMater/Info.plist;
				IPHONEOS_DEPLOYMENT_TARGET = 11.2;
				LD_RUNPATH_SEARCH_PATHS = "$(inherited) @executable_path/Frameworks";
				PRODUCT_BUNDLE_IDENTIFIER = com.litech.PhotoMater;
				PRODUCT_NAME = "$(TARGET_NAME)";
				SWIFT_VERSION = 4.0;
				TARGETED_DEVICE_FAMILY = 1;
			};
			name = Debug;
		};
		623C8C222084C82B009D900A /* Release */ = {
			isa = XCBuildConfiguration;
			buildSettings = {
				ASSETCATALOG_COMPILER_APPICON_NAME = AppIcon;
				CODE_SIGN_STYLE = Automatic;
				INFOPLIST_FILE = PhotoMater/Info.plist;
				IPHONEOS_DEPLOYMENT_TARGET = 11.2;
				LD_RUNPATH_SEARCH_PATHS = "$(inherited) @executable_path/Frameworks";
				PRODUCT_BUNDLE_IDENTIFIER = com.litech.PhotoMater;
				PRODUCT_NAME = "$(TARGET_NAME)";
				SWIFT_VERSION = 4.0;
				TARGETED_DEVICE_FAMILY = 1;
			};
			name = Release;
		};
/* End XCBuildConfiguration section */

/* Begin XCConfigurationList section */
		623C8C092084C82A009D900A /* Build configuration list for PBXProject "PhotoMater" */ = {
			isa = XCConfigurationList;
			buildConfigurations = (
				623C8C1E2084C82B009D900A /* Debug */,
				623C8C1F2084C82B009D900A /* Release */,
			);
			defaultConfigurationIsVisible = 0;
			defaultConfigurationName = Release;
		};
		623C8C202084C82B009D900A /* Build configuration list for PBXNativeTarget "PhotoMater" */ = {
			isa = XCConfigurationList;
			buildConfigurations = (
				623C8C212084C82B009D900A /* Debug */,
				623C8C222084C82B009D900A /* Release */,
			);
			defaultConfigurationIsVisible = 0;
			defaultConfigurationName = Release;
		};
/* End XCConfigurationList section */
	};
	rootObject = 623C8C062084C82A009D900A /* Project object */;
}
